PODS:
  - Pelias (1.0.0-beta2):
    - Pelias/Core (= 1.0.0-beta2)
  - Pelias/Core (1.0.0-beta2)

DEPENDENCIES:
  - Pelias (from `https://github.com/pelias/pelias-ios-sdk.git`)

EXTERNAL SOURCES:
  Pelias:
    :git: https://github.com/pelias/pelias-ios-sdk.git

CHECKOUT OPTIONS:
  Pelias:
    :commit: b5f71ea42d537dfc42e3e0ae0dc700b94cebdd9a
    :git: https://github.com/pelias/pelias-ios-sdk.git

SPEC CHECKSUMS:
  Pelias: 0aa202b03b50cc19dc09550d7b6fd01451a78a6d

PODFILE CHECKSUM: 912f4b8165ffc6d7afca8b11da507bd3c06786fd

COCOAPODS: 1.0.1
