// !$*UTF8*$!
{
	archiveVersion = 1;
	classes = {
	};
	objectVersion = 46;
	objects = {

/* Begin PBXBuildFile section */
		DB3192911D351E4200272990 /* DroidSansFallback.ttf in Resources */ = {isa = PBXBuildFile; fileRef = DB3192721D351E4200272990 /* DroidSansFallback.ttf */; };
		DB3192921D351E4200272990 /* DroidSansJapanese.ttf in Resources */ = {isa = PBXBuildFile; fileRef = DB3192731D351E4200272990 /* DroidSansJapanese.ttf */; };
		DB3192931D351E4200272990 /* firasans-medium.ttf in Resources */ = {isa = PBXBuildFile; fileRef = DB3192741D351E4200272990 /* firasans-medium.ttf */; };
		DB3192941D351E4200272990 /* NotoNaskh-Regular.ttf in Resources */ = {isa = PBXBuildFile; fileRef = DB3192751D351E4200272990 /* NotoNaskh-Regular.ttf */; };
		DB3192951D351E4200272990 /* NotoSans-Regular.ttf in Resources */ = {isa = PBXBuildFile; fileRef = DB3192761D351E4200272990 /* NotoSans-Regular.ttf */; };
		DB3192961D351E4200272990 /* NotoSansHebrew-Regular.ttf in Resources */ = {isa = PBXBuildFile; fileRef = DB3192771D351E4200272990 /* NotoSansHebrew-Regular.ttf */; };
		DB3192971D351E4200272990 /* roboto-regular.ttf in Resources */ = {isa = PBXBuildFile; fileRef = DB3192781D351E4200272990 /* roboto-regular.ttf */; };
		DB3192981D351E4200272990 /* arrow-3.png in Resources */ = {isa = PBXBuildFile; fileRef = DB31927A1D351E4200272990 /* arrow-3.png */; };
		DB3192991D351E4200272990 /* cross.png in Resources */ = {isa = PBXBuildFile; fileRef = DB31927B1D351E4200272990 /* cross.png */; };
		DB31929A1D351E4200272990 /* cubemap.png in Resources */ = {isa = PBXBuildFile; fileRef = DB31927C1D351E4200272990 /* cubemap.png */; };
		DB31929B1D351E4200272990 /* grid.jpg in Resources */ = {isa = PBXBuildFile; fileRef = DB31927D1D351E4200272990 /* grid.jpg */; };
		DB31929C1D351E4200272990 /* mapzen-logo.png in Resources */ = {isa = PBXBuildFile; fileRef = DB31927E1D351E4200272990 /* mapzen-logo.png */; };
		DB31929D1D351E4200272990 /* normals.jpg in Resources */ = {isa = PBXBuildFile; fileRef = DB31927F1D351E4200272990 /* normals.jpg */; };
		DB31929E1D351E4200272990 /* poi_icons_32.png in Resources */ = {isa = PBXBuildFile; fileRef = DB3192801D351E4200272990 /* poi_icons_32.png */; };
		DB31929F1D351E4200272990 /* sem.jpg in Resources */ = {isa = PBXBuildFile; fileRef = DB3192811D351E4200272990 /* sem.jpg */; };
		DB3192A01D351E4200272990 /* test.yaml in Resources */ = {isa = PBXBuildFile; fileRef = DB3192831D351E4200272990 /* test.yaml */; };
		DB3192A11D351E4200272990 /* import.yaml in Resources */ = {isa = PBXBuildFile; fileRef = DB3192841D351E4200272990 /* import.yaml */; };
		DB3192A21D351E4200272990 /* raster-double.yaml in Resources */ = {isa = PBXBuildFile; fileRef = DB3192851D351E4200272990 /* raster-double.yaml */; };
		DB3192A31D351E4200272990 /* raster-simple.yaml in Resources */ = {isa = PBXBuildFile; fileRef = DB3192861D351E4200272990 /* raster-simple.yaml */; };
		DB3192A41D351E4200272990 /* raster-terrain.yaml in Resources */ = {isa = PBXBuildFile; fileRef = DB3192871D351E4200272990 /* raster-terrain.yaml */; };
		DB3192A51D351E4200272990 /* scene.yaml in Resources */ = {isa = PBXBuildFile; fileRef = DB3192881D351E4200272990 /* scene.yaml */; };
		DB31932A1D35215D00272990 /* tangram_framework.framework in Frameworks */ = {isa = PBXBuildFile; fileRef = DB3192891D351E4200272990 /* tangram_framework.framework */; };
		DB31932B1D35215D00272990 /* tangram_framework.framework in Embed Frameworks */ = {isa = PBXBuildFile; fileRef = DB3192891D351E4200272990 /* tangram_framework.framework */; settings = {ATTRIBUTES = (CodeSignOnCopy, RemoveHeadersOnCopy, ); }; };
		DB31932E1D35221000272990 /* DroidSansFallback.ttf in CopyFiles */ = {isa = PBXBuildFile; fileRef = DB3192691D351E4200272990 /* DroidSansFallback.ttf */; };
		DB31932F1D35221000272990 /* DroidSansJapanese.ttf in CopyFiles */ = {isa = PBXBuildFile; fileRef = DB31926A1D351E4200272990 /* DroidSansJapanese.ttf */; };
		DB3193301D35221000272990 /* firasans-medium.ttf in CopyFiles */ = {isa = PBXBuildFile; fileRef = DB31926B1D351E4200272990 /* firasans-medium.ttf */; };
		DB3193311D35221000272990 /* NotoNaskh-Regular.ttf in CopyFiles */ = {isa = PBXBuildFile; fileRef = DB31926C1D351E4200272990 /* NotoNaskh-Regular.ttf */; };
		DB3193321D35221000272990 /* NotoSans-Regular.ttf in CopyFiles */ = {isa = PBXBuildFile; fileRef = DB31926D1D351E4200272990 /* NotoSans-Regular.ttf */; };
		DB3193331D35221000272990 /* NotoSansHebrew-Regular.ttf in CopyFiles */ = {isa = PBXBuildFile; fileRef = DB31926E1D351E4200272990 /* NotoSansHebrew-Regular.ttf */; };
		DB3193341D35221000272990 /* roboto-regular.ttf in CopyFiles */ = {isa = PBXBuildFile; fileRef = DB31926F1D351E4200272990 /* roboto-regular.ttf */; };
		DB7A33D81C8F8E8B009CC743 /* AppDelegate.swift in Sources */ = {isa = PBXBuildFile; fileRef = DB7A33D71C8F8E8B009CC743 /* AppDelegate.swift */; };
		DB7A33DA1C8F8E8B009CC743 /* ViewController.swift in Sources */ = {isa = PBXBuildFile; fileRef = DB7A33D91C8F8E8B009CC743 /* ViewController.swift */; };
		DB7A33DD1C8F8E8B009CC743 /* Main.storyboard in Resources */ = {isa = PBXBuildFile; fileRef = DB7A33DB1C8F8E8B009CC743 /* Main.storyboard */; };
		DB7A33DF1C8F8E8B009CC743 /* Assets.xcassets in Resources */ = {isa = PBXBuildFile; fileRef = DB7A33DE1C8F8E8B009CC743 /* Assets.xcassets */; };
		DB7A33E21C8F8E8B009CC743 /* LaunchScreen.storyboard in Resources */ = {isa = PBXBuildFile; fileRef = DB7A33E01C8F8E8B009CC743 /* LaunchScreen.storyboard */; };
		DB7A33ED1C8F8E8B009CC743 /* ios_sdkTests.swift in Sources */ = {isa = PBXBuildFile; fileRef = DB7A33EC1C8F8E8B009CC743 /* ios_sdkTests.swift */; };
		DBC84EA71C985BBB00EE80D8 /* MapzenSearchManager.swift in Sources */ = {isa = PBXBuildFile; fileRef = DBC84EA61C985BBB00EE80D8 /* MapzenSearchManager.swift */; };
		DBC84EA81C985BBB00EE80D8 /* MapzenSearchManager.swift in Sources */ = {isa = PBXBuildFile; fileRef = DBC84EA61C985BBB00EE80D8 /* MapzenSearchManager.swift */; };
		DBF441AE1D351B0A007DEE95 /* TangramVC.swift in Sources */ = {isa = PBXBuildFile; fileRef = DBF441AD1D351B0A007DEE95 /* TangramVC.swift */; };
		DBF441B01D351C90007DEE95 /* GLKit.framework in Frameworks */ = {isa = PBXBuildFile; fileRef = DBF441AF1D351C90007DEE95 /* GLKit.framework */; };
		DF296F1D39A4230257889944 /* Pods.framework in Frameworks */ = {isa = PBXBuildFile; fileRef = 92C35E8790FB3255237B1E77 /* Pods.framework */; };
/* End PBXBuildFile section */

/* Begin PBXContainerItemProxy section */
		DB7A33E91C8F8E8B009CC743 /* PBXContainerItemProxy */ = {
			isa = PBXContainerItemProxy;
			containerPortal = DB7A33CC1C8F8E8B009CC743 /* Project object */;
			proxyType = 1;
			remoteGlobalIDString = DB7A33D31C8F8E8B009CC743;
			remoteInfo = "ios-sdk";
		};
/* End PBXContainerItemProxy section */

/* Begin PBXCopyFilesBuildPhase section */
		DB31932C1D35215E00272990 /* Embed Frameworks */ = {
			isa = PBXCopyFilesBuildPhase;
			buildActionMask = 2147483647;
			dstPath = "";
			dstSubfolderSpec = 10;
			files = (
				DB31932B1D35215D00272990 /* tangram_framework.framework in Embed Frameworks */,
			);
			name = "Embed Frameworks";
			runOnlyForDeploymentPostprocessing = 0;
		};
		DB31932D1D3521FD00272990 /* CopyFiles */ = {
			isa = PBXCopyFilesBuildPhase;
			buildActionMask = 2147483647;
			dstPath = fonts;
			dstSubfolderSpec = 6;
			files = (
				DB31932E1D35221000272990 /* DroidSansFallback.ttf in CopyFiles */,
				DB31932F1D35221000272990 /* DroidSansJapanese.ttf in CopyFiles */,
				DB3193301D35221000272990 /* firasans-medium.ttf in CopyFiles */,
				DB3193311D35221000272990 /* NotoNaskh-Regular.ttf in CopyFiles */,
				DB3193321D35221000272990 /* NotoSans-Regular.ttf in CopyFiles */,
				DB3193331D35221000272990 /* NotoSansHebrew-Regular.ttf in CopyFiles */,
				DB3193341D35221000272990 /* roboto-regular.ttf in CopyFiles */,
			);
			runOnlyForDeploymentPostprocessing = 0;
		};
/* End PBXCopyFilesBuildPhase section */

/* Begin PBXFileReference section */
		92C35E8790FB3255237B1E77 /* Pods.framework */ = {isa = PBXFileReference; explicitFileType = wrapper.framework; includeInIndex = 0; path = Pods.framework; sourceTree = BUILT_PRODUCTS_DIR; };
		A6867A3C7E4941C042B75910 /* Pods.debug.xcconfig */ = {isa = PBXFileReference; includeInIndex = 1; lastKnownFileType = text.xcconfig; name = Pods.debug.xcconfig; path = "Pods/Target Support Files/Pods/Pods.debug.xcconfig"; sourceTree = "<group>"; };
		DB3192691D351E4200272990 /* DroidSansFallback.ttf */ = {isa = PBXFileReference; lastKnownFileType = file; path = DroidSansFallback.ttf; sourceTree = "<group>"; };
		DB31926A1D351E4200272990 /* DroidSansJapanese.ttf */ = {isa = PBXFileReference; lastKnownFileType = file; path = DroidSansJapanese.ttf; sourceTree = "<group>"; };
		DB31926B1D351E4200272990 /* firasans-medium.ttf */ = {isa = PBXFileReference; lastKnownFileType = file; path = "firasans-medium.ttf"; sourceTree = "<group>"; };
		DB31926C1D351E4200272990 /* NotoNaskh-Regular.ttf */ = {isa = PBXFileReference; lastKnownFileType = file; path = "NotoNaskh-Regular.ttf"; sourceTree = "<group>"; };
		DB31926D1D351E4200272990 /* NotoSans-Regular.ttf */ = {isa = PBXFileReference; lastKnownFileType = file; path = "NotoSans-Regular.ttf"; sourceTree = "<group>"; };
		DB31926E1D351E4200272990 /* NotoSansHebrew-Regular.ttf */ = {isa = PBXFileReference; lastKnownFileType = file; path = "NotoSansHebrew-Regular.ttf"; sourceTree = "<group>"; };
		DB31926F1D351E4200272990 /* roboto-regular.ttf */ = {isa = PBXFileReference; lastKnownFileType = file; path = "roboto-regular.ttf"; sourceTree = "<group>"; };
		DB3192721D351E4200272990 /* DroidSansFallback.ttf */ = {isa = PBXFileReference; lastKnownFileType = file; path = DroidSansFallback.ttf; sourceTree = "<group>"; };
		DB3192731D351E4200272990 /* DroidSansJapanese.ttf */ = {isa = PBXFileReference; lastKnownFileType = file; path = DroidSansJapanese.ttf; sourceTree = "<group>"; };
		DB3192741D351E4200272990 /* firasans-medium.ttf */ = {isa = PBXFileReference; lastKnownFileType = file; path = "firasans-medium.ttf"; sourceTree = "<group>"; };
		DB3192751D351E4200272990 /* NotoNaskh-Regular.ttf */ = {isa = PBXFileReference; lastKnownFileType = file; path = "NotoNaskh-Regular.ttf"; sourceTree = "<group>"; };
		DB3192761D351E4200272990 /* NotoSans-Regular.ttf */ = {isa = PBXFileReference; lastKnownFileType = file; path = "NotoSans-Regular.ttf"; sourceTree = "<group>"; };
		DB3192771D351E4200272990 /* NotoSansHebrew-Regular.ttf */ = {isa = PBXFileReference; lastKnownFileType = file; path = "NotoSansHebrew-Regular.ttf"; sourceTree = "<group>"; };
		DB3192781D351E4200272990 /* roboto-regular.ttf */ = {isa = PBXFileReference; lastKnownFileType = file; path = "roboto-regular.ttf"; sourceTree = "<group>"; };
		DB31927A1D351E4200272990 /* arrow-3.png */ = {isa = PBXFileReference; lastKnownFileType = image.png; path = "arrow-3.png"; sourceTree = "<group>"; };
		DB31927B1D351E4200272990 /* cross.png */ = {isa = PBXFileReference; lastKnownFileType = image.png; path = cross.png; sourceTree = "<group>"; };
		DB31927C1D351E4200272990 /* cubemap.png */ = {isa = PBXFileReference; lastKnownFileType = image.png; path = cubemap.png; sourceTree = "<group>"; };
		DB31927D1D351E4200272990 /* grid.jpg */ = {isa = PBXFileReference; lastKnownFileType = image.jpeg; path = grid.jpg; sourceTree = "<group>"; };
		DB31927E1D351E4200272990 /* mapzen-logo.png */ = {isa = PBXFileReference; lastKnownFileType = image.png; path = "mapzen-logo.png"; sourceTree = "<group>"; };
		DB31927F1D351E4200272990 /* normals.jpg */ = {isa = PBXFileReference; lastKnownFileType = image.jpeg; path = normals.jpg; sourceTree = "<group>"; };
		DB3192801D351E4200272990 /* poi_icons_32.png */ = {isa = PBXFileReference; lastKnownFileType = image.png; path = poi_icons_32.png; sourceTree = "<group>"; };
		DB3192811D351E4200272990 /* sem.jpg */ = {isa = PBXFileReference; lastKnownFileType = image.jpeg; path = sem.jpg; sourceTree = "<group>"; };
		DB3192831D351E4200272990 /* test.yaml */ = {isa = PBXFileReference; fileEncoding = 4; lastKnownFileType = text; path = test.yaml; sourceTree = "<group>"; };
		DB3192841D351E4200272990 /* import.yaml */ = {isa = PBXFileReference; fileEncoding = 4; lastKnownFileType = text; path = import.yaml; sourceTree = "<group>"; };
		DB3192851D351E4200272990 /* raster-double.yaml */ = {isa = PBXFileReference; fileEncoding = 4; lastKnownFileType = text; path = "raster-double.yaml"; sourceTree = "<group>"; };
		DB3192861D351E4200272990 /* raster-simple.yaml */ = {isa = PBXFileReference; fileEncoding = 4; lastKnownFileType = text; path = "raster-simple.yaml"; sourceTree = "<group>"; };
		DB3192871D351E4200272990 /* raster-terrain.yaml */ = {isa = PBXFileReference; fileEncoding = 4; lastKnownFileType = text; path = "raster-terrain.yaml"; sourceTree = "<group>"; };
		DB3192881D351E4200272990 /* scene.yaml */ = {isa = PBXFileReference; fileEncoding = 4; lastKnownFileType = text; path = scene.yaml; sourceTree = "<group>"; };
		DB3192891D351E4200272990 /* tangram_framework.framework */ = {isa = PBXFileReference; lastKnownFileType = wrapper.framework; path = tangram_framework.framework; sourceTree = "<group>"; };
		DB7A33D41C8F8E8B009CC743 /* ios-sdk.app */ = {isa = PBXFileReference; explicitFileType = wrapper.application; includeInIndex = 0; path = "ios-sdk.app"; sourceTree = BUILT_PRODUCTS_DIR; };
		DB7A33D71C8F8E8B009CC743 /* AppDelegate.swift */ = {isa = PBXFileReference; lastKnownFileType = sourcecode.swift; path = AppDelegate.swift; sourceTree = "<group>"; };
		DB7A33D91C8F8E8B009CC743 /* ViewController.swift */ = {isa = PBXFileReference; lastKnownFileType = sourcecode.swift; path = ViewController.swift; sourceTree = "<group>"; };
		DB7A33DC1C8F8E8B009CC743 /* Base */ = {isa = PBXFileReference; lastKnownFileType = file.storyboard; name = Base; path = Base.lproj/Main.storyboard; sourceTree = "<group>"; };
		DB7A33DE1C8F8E8B009CC743 /* Assets.xcassets */ = {isa = PBXFileReference; lastKnownFileType = folder.assetcatalog; path = Assets.xcassets; sourceTree = "<group>"; };
		DB7A33E11C8F8E8B009CC743 /* Base */ = {isa = PBXFileReference; lastKnownFileType = file.storyboard; name = Base; path = Base.lproj/LaunchScreen.storyboard; sourceTree = "<group>"; };
		DB7A33E31C8F8E8B009CC743 /* Info.plist */ = {isa = PBXFileReference; lastKnownFileType = text.plist.xml; path = Info.plist; sourceTree = "<group>"; };
		DB7A33E81C8F8E8B009CC743 /* ios-sdkTests.xctest */ = {isa = PBXFileReference; explicitFileType = wrapper.cfbundle; includeInIndex = 0; path = "ios-sdkTests.xctest"; sourceTree = BUILT_PRODUCTS_DIR; };
		DB7A33EC1C8F8E8B009CC743 /* ios_sdkTests.swift */ = {isa = PBXFileReference; lastKnownFileType = sourcecode.swift; path = ios_sdkTests.swift; sourceTree = "<group>"; };
		DB7A33EE1C8F8E8B009CC743 /* Info.plist */ = {isa = PBXFileReference; lastKnownFileType = text.plist.xml; path = Info.plist; sourceTree = "<group>"; };
		DBC84EA61C985BBB00EE80D8 /* MapzenSearchManager.swift */ = {isa = PBXFileReference; fileEncoding = 4; lastKnownFileType = sourcecode.swift; path = MapzenSearchManager.swift; sourceTree = "<group>"; };
		DBF441AD1D351B0A007DEE95 /* TangramVC.swift */ = {isa = PBXFileReference; fileEncoding = 4; lastKnownFileType = sourcecode.swift; path = TangramVC.swift; sourceTree = "<group>"; };
		DBF441AF1D351C90007DEE95 /* GLKit.framework */ = {isa = PBXFileReference; lastKnownFileType = wrapper.framework; name = GLKit.framework; path = System/Library/Frameworks/GLKit.framework; sourceTree = SDKROOT; };
		F48818E5161A9E383CA1C689 /* Pods.release.xcconfig */ = {isa = PBXFileReference; includeInIndex = 1; lastKnownFileType = text.xcconfig; name = Pods.release.xcconfig; path = "Pods/Target Support Files/Pods/Pods.release.xcconfig"; sourceTree = "<group>"; };
/* End PBXFileReference section */

/* Begin PBXFrameworksBuildPhase section */
		DB7A33D11C8F8E8B009CC743 /* Frameworks */ = {
			isa = PBXFrameworksBuildPhase;
			buildActionMask = 2147483647;
			files = (
				DBF441B01D351C90007DEE95 /* GLKit.framework in Frameworks */,
				DF296F1D39A4230257889944 /* Pods.framework in Frameworks */,
				DB31932A1D35215D00272990 /* tangram_framework.framework in Frameworks */,
			);
			runOnlyForDeploymentPostprocessing = 0;
		};
		DB7A33E51C8F8E8B009CC743 /* Frameworks */ = {
			isa = PBXFrameworksBuildPhase;
			buildActionMask = 2147483647;
			files = (
			);
			runOnlyForDeploymentPostprocessing = 0;
		};
/* End PBXFrameworksBuildPhase section */

/* Begin PBXGroup section */
		B855820EE9BE8CD09A44D7CB /* Pods */ = {
			isa = PBXGroup;
			children = (
				A6867A3C7E4941C042B75910 /* Pods.debug.xcconfig */,
				F48818E5161A9E383CA1C689 /* Pods.release.xcconfig */,
			);
			name = Pods;
			sourceTree = "<group>";
		};
		CF541C01B2D071D0FF55D939 /* Frameworks */ = {
			isa = PBXGroup;
			children = (
				DBF441AF1D351C90007DEE95 /* GLKit.framework */,
				92C35E8790FB3255237B1E77 /* Pods.framework */,
			);
			name = Frameworks;
			sourceTree = "<group>";
		};
		DB3192671D351E4200272990 /* tangram */ = {
			isa = PBXGroup;
			children = (
				DB3192681D351E4200272990 /* fonts */,
				DB3192701D351E4200272990 /* scenes */,
				DB3192891D351E4200272990 /* tangram_framework.framework */,
			);
			path = tangram;
			sourceTree = "<group>";
		};
		DB3192681D351E4200272990 /* fonts */ = {
			isa = PBXGroup;
			children = (
				DB3192691D351E4200272990 /* DroidSansFallback.ttf */,
				DB31926A1D351E4200272990 /* DroidSansJapanese.ttf */,
				DB31926B1D351E4200272990 /* firasans-medium.ttf */,
				DB31926C1D351E4200272990 /* NotoNaskh-Regular.ttf */,
				DB31926D1D351E4200272990 /* NotoSans-Regular.ttf */,
				DB31926E1D351E4200272990 /* NotoSansHebrew-Regular.ttf */,
				DB31926F1D351E4200272990 /* roboto-regular.ttf */,
			);
			path = fonts;
			sourceTree = "<group>";
		};
		DB3192701D351E4200272990 /* scenes */ = {
			isa = PBXGroup;
			children = (
				DB3192711D351E4200272990 /* fonts */,
				DB3192791D351E4200272990 /* img */,
				DB3192821D351E4200272990 /* import */,
				DB3192841D351E4200272990 /* import.yaml */,
				DB3192851D351E4200272990 /* raster-double.yaml */,
				DB3192861D351E4200272990 /* raster-simple.yaml */,
				DB3192871D351E4200272990 /* raster-terrain.yaml */,
				DB3192881D351E4200272990 /* scene.yaml */,
			);
			path = scenes;
			sourceTree = "<group>";
		};
		DB3192711D351E4200272990 /* fonts */ = {
			isa = PBXGroup;
			children = (
				DB3192721D351E4200272990 /* DroidSansFallback.ttf */,
				DB3192731D351E4200272990 /* DroidSansJapanese.ttf */,
				DB3192741D351E4200272990 /* firasans-medium.ttf */,
				DB3192751D351E4200272990 /* NotoNaskh-Regular.ttf */,
				DB3192761D351E4200272990 /* NotoSans-Regular.ttf */,
				DB3192771D351E4200272990 /* NotoSansHebrew-Regular.ttf */,
				DB3192781D351E4200272990 /* roboto-regular.ttf */,
			);
			path = fonts;
			sourceTree = "<group>";
		};
		DB3192791D351E4200272990 /* img */ = {
			isa = PBXGroup;
			children = (
				DB31927A1D351E4200272990 /* arrow-3.png */,
				DB31927B1D351E4200272990 /* cross.png */,
				DB31927C1D351E4200272990 /* cubemap.png */,
				DB31927D1D351E4200272990 /* grid.jpg */,
				DB31927E1D351E4200272990 /* mapzen-logo.png */,
				DB31927F1D351E4200272990 /* normals.jpg */,
				DB3192801D351E4200272990 /* poi_icons_32.png */,
				DB3192811D351E4200272990 /* sem.jpg */,
			);
			path = img;
			sourceTree = "<group>";
		};
		DB3192821D351E4200272990 /* import */ = {
			isa = PBXGroup;
			children = (
				DB3192831D351E4200272990 /* test.yaml */,
			);
			path = import;
			sourceTree = "<group>";
		};
		DB7A33CB1C8F8E8B009CC743 = {
			isa = PBXGroup;
			children = (
				DB3192671D351E4200272990 /* tangram */,
				DBC84EA51C985B6D00EE80D8 /* src */,
				DB7A33D61C8F8E8B009CC743 /* ios-sdk */,
				DB7A33EB1C8F8E8B009CC743 /* ios-sdkTests */,
				DB7A33D51C8F8E8B009CC743 /* Products */,
				B855820EE9BE8CD09A44D7CB /* Pods */,
				CF541C01B2D071D0FF55D939 /* Frameworks */,
			);
			sourceTree = "<group>";
		};
		DB7A33D51C8F8E8B009CC743 /* Products */ = {
			isa = PBXGroup;
			children = (
				DB7A33D41C8F8E8B009CC743 /* ios-sdk.app */,
				DB7A33E81C8F8E8B009CC743 /* ios-sdkTests.xctest */,
			);
			name = Products;
			sourceTree = "<group>";
		};
		DB7A33D61C8F8E8B009CC743 /* ios-sdk */ = {
			isa = PBXGroup;
			children = (
				DB7A33D71C8F8E8B009CC743 /* AppDelegate.swift */,
				DB7A33D91C8F8E8B009CC743 /* ViewController.swift */,
				DB7A33DB1C8F8E8B009CC743 /* Main.storyboard */,
				DB7A33DE1C8F8E8B009CC743 /* Assets.xcassets */,
				DB7A33E01C8F8E8B009CC743 /* LaunchScreen.storyboard */,
				DB7A33E31C8F8E8B009CC743 /* Info.plist */,
				DBF441AD1D351B0A007DEE95 /* TangramVC.swift */,
			);
			path = "ios-sdk";
			sourceTree = "<group>";
		};
		DB7A33EB1C8F8E8B009CC743 /* ios-sdkTests */ = {
			isa = PBXGroup;
			children = (
				DB7A33EC1C8F8E8B009CC743 /* ios_sdkTests.swift */,
				DB7A33EE1C8F8E8B009CC743 /* Info.plist */,
			);
			path = "ios-sdkTests";
			sourceTree = "<group>";
		};
		DBC84EA51C985B6D00EE80D8 /* src */ = {
			isa = PBXGroup;
			children = (
				DBC84EA61C985BBB00EE80D8 /* MapzenSearchManager.swift */,
			);
			name = src;
			path = "ios-sdk/src";
			sourceTree = "<group>";
		};
/* End PBXGroup section */

/* Begin PBXNativeTarget section */
		DB7A33D31C8F8E8B009CC743 /* ios-sdk */ = {
			isa = PBXNativeTarget;
			buildConfigurationList = DB7A33F11C8F8E8B009CC743 /* Build configuration list for PBXNativeTarget "ios-sdk" */;
			buildPhases = (
				6A13B9A2EA49C3158C1436EC /* Check Pods Manifest.lock */,
				DB7A33D01C8F8E8B009CC743 /* Sources */,
				DB7A33D11C8F8E8B009CC743 /* Frameworks */,
				DB7A33D21C8F8E8B009CC743 /* Resources */,
				03695D2FDDF492938D1DE947 /* Embed Pods Frameworks */,
				A73759240A9387771080318A /* Copy Pods Resources */,
				DB31932C1D35215E00272990 /* Embed Frameworks */,
				DB31932D1D3521FD00272990 /* CopyFiles */,
			);
			buildRules = (
			);
			dependencies = (
			);
			name = "ios-sdk";
			productName = "ios-sdk";
			productReference = DB7A33D41C8F8E8B009CC743 /* ios-sdk.app */;
			productType = "com.apple.product-type.application";
		};
		DB7A33E71C8F8E8B009CC743 /* ios-sdkTests */ = {
			isa = PBXNativeTarget;
			buildConfigurationList = DB7A33F41C8F8E8B009CC743 /* Build configuration list for PBXNativeTarget "ios-sdkTests" */;
			buildPhases = (
				DB7A33E41C8F8E8B009CC743 /* Sources */,
				DB7A33E51C8F8E8B009CC743 /* Frameworks */,
				DB7A33E61C8F8E8B009CC743 /* Resources */,
			);
			buildRules = (
			);
			dependencies = (
				DB7A33EA1C8F8E8B009CC743 /* PBXTargetDependency */,
			);
			name = "ios-sdkTests";
			productName = "ios-sdkTests";
			productReference = DB7A33E81C8F8E8B009CC743 /* ios-sdkTests.xctest */;
			productType = "com.apple.product-type.bundle.unit-test";
		};
/* End PBXNativeTarget section */

/* Begin PBXProject section */
		DB7A33CC1C8F8E8B009CC743 /* Project object */ = {
			isa = PBXProject;
			attributes = {
				LastSwiftUpdateCheck = 0730;
				LastUpgradeCheck = 0720;
				ORGANIZATIONNAME = Mapzen;
				TargetAttributes = {
					DB7A33D31C8F8E8B009CC743 = {
						CreatedOnToolsVersion = 7.2.1;
					};
					DB7A33E71C8F8E8B009CC743 = {
						CreatedOnToolsVersion = 7.2.1;
						TestTargetID = DB7A33D31C8F8E8B009CC743;
					};
				};
			};
			buildConfigurationList = DB7A33CF1C8F8E8B009CC743 /* Build configuration list for PBXProject "ios-sdk" */;
			compatibilityVersion = "Xcode 3.2";
			developmentRegion = English;
			hasScannedForEncodings = 0;
			knownRegions = (
				en,
				Base,
			);
			mainGroup = DB7A33CB1C8F8E8B009CC743;
			productRefGroup = DB7A33D51C8F8E8B009CC743 /* Products */;
			projectDirPath = "";
			projectRoot = "";
			targets = (
				DB7A33D31C8F8E8B009CC743 /* ios-sdk */,
				DB7A33E71C8F8E8B009CC743 /* ios-sdkTests */,
			);
		};
/* End PBXProject section */

/* Begin PBXResourcesBuildPhase section */
		DB7A33D21C8F8E8B009CC743 /* Resources */ = {
			isa = PBXResourcesBuildPhase;
			buildActionMask = 2147483647;
			files = (
				DB31929D1D351E4200272990 /* normals.jpg in Resources */,
				DB31929E1D351E4200272990 /* poi_icons_32.png in Resources */,
				DB3192A11D351E4200272990 /* import.yaml in Resources */,
				DB3192921D351E4200272990 /* DroidSansJapanese.ttf in Resources */,
				DB31929C1D351E4200272990 /* mapzen-logo.png in Resources */,
				DB3192941D351E4200272990 /* NotoNaskh-Regular.ttf in Resources */,
				DB3192931D351E4200272990 /* firasans-medium.ttf in Resources */,
				DB31929F1D351E4200272990 /* sem.jpg in Resources */,
				DB31929A1D351E4200272990 /* cubemap.png in Resources */,
				DB3192961D351E4200272990 /* NotoSansHebrew-Regular.ttf in Resources */,
				DB3192A51D351E4200272990 /* scene.yaml in Resources */,
				DB3192911D351E4200272990 /* DroidSansFallback.ttf in Resources */,
				DB3192A01D351E4200272990 /* test.yaml in Resources */,
				DB3192A21D351E4200272990 /* raster-double.yaml in Resources */,
				DB7A33E21C8F8E8B009CC743 /* LaunchScreen.storyboard in Resources */,
				DB3192991D351E4200272990 /* cross.png in Resources */,
				DB3192981D351E4200272990 /* arrow-3.png in Resources */,
				DB7A33DF1C8F8E8B009CC743 /* Assets.xcassets in Resources */,
				DB3192951D351E4200272990 /* NotoSans-Regular.ttf in Resources */,
				DB3192A41D351E4200272990 /* raster-terrain.yaml in Resources */,
				DB3192A31D351E4200272990 /* raster-simple.yaml in Resources */,
				DB7A33DD1C8F8E8B009CC743 /* Main.storyboard in Resources */,
				DB31929B1D351E4200272990 /* grid.jpg in Resources */,
				DB3192971D351E4200272990 /* roboto-regular.ttf in Resources */,
			);
			runOnlyForDeploymentPostprocessing = 0;
		};
		DB7A33E61C8F8E8B009CC743 /* Resources */ = {
			isa = PBXResourcesBuildPhase;
			buildActionMask = 2147483647;
			files = (
			);
			runOnlyForDeploymentPostprocessing = 0;
		};
/* End PBXResourcesBuildPhase section */

/* Begin PBXShellScriptBuildPhase section */
		03695D2FDDF492938D1DE947 /* Embed Pods Frameworks */ = {
			isa = PBXShellScriptBuildPhase;
			buildActionMask = 2147483647;
			files = (
			);
			inputPaths = (
			);
			name = "Embed Pods Frameworks";
			outputPaths = (
			);
			runOnlyForDeploymentPostprocessing = 0;
			shellPath = /bin/sh;
			shellScript = "\"${SRCROOT}/Pods/Target Support Files/Pods/Pods-frameworks.sh\"\n";
			showEnvVarsInLog = 0;
		};
		6A13B9A2EA49C3158C1436EC /* Check Pods Manifest.lock */ = {
			isa = PBXShellScriptBuildPhase;
			buildActionMask = 2147483647;
			files = (
			);
			inputPaths = (
			);
			name = "Check Pods Manifest.lock";
			outputPaths = (
			);
			runOnlyForDeploymentPostprocessing = 0;
			shellPath = /bin/sh;
			shellScript = "diff \"${PODS_ROOT}/../Podfile.lock\" \"${PODS_ROOT}/Manifest.lock\" > /dev/null\nif [[ $? != 0 ]] ; then\n    cat << EOM\nerror: The sandbox is not in sync with the Podfile.lock. Run 'pod install' or update your CocoaPods installation.\nEOM\n    exit 1\nfi\n";
			showEnvVarsInLog = 0;
		};
		A73759240A9387771080318A /* Copy Pods Resources */ = {
			isa = PBXShellScriptBuildPhase;
			buildActionMask = 2147483647;
			files = (
			);
			inputPaths = (
			);
			name = "Copy Pods Resources";
			outputPaths = (
			);
			runOnlyForDeploymentPostprocessing = 0;
			shellPath = /bin/sh;
			shellScript = "\"${SRCROOT}/Pods/Target Support Files/Pods/Pods-resources.sh\"\n";
			showEnvVarsInLog = 0;
		};
/* End PBXShellScriptBuildPhase section */

/* Begin PBXSourcesBuildPhase section */
		DB7A33D01C8F8E8B009CC743 /* Sources */ = {
			isa = PBXSourcesBuildPhase;
			buildActionMask = 2147483647;
			files = (
				DBC84EA71C985BBB00EE80D8 /* MapzenSearchManager.swift in Sources */,
				DBF441AE1D351B0A007DEE95 /* TangramVC.swift in Sources */,
				DB7A33DA1C8F8E8B009CC743 /* ViewController.swift in Sources */,
				DB7A33D81C8F8E8B009CC743 /* AppDelegate.swift in Sources */,
			);
			runOnlyForDeploymentPostprocessing = 0;
		};
		DB7A33E41C8F8E8B009CC743 /* Sources */ = {
			isa = PBXSourcesBuildPhase;
			buildActionMask = 2147483647;
			files = (
				DBC84EA81C985BBB00EE80D8 /* MapzenSearchManager.swift in Sources */,
				DB7A33ED1C8F8E8B009CC743 /* ios_sdkTests.swift in Sources */,
			);
			runOnlyForDeploymentPostprocessing = 0;
		};
/* End PBXSourcesBuildPhase section */

/* Begin PBXTargetDependency section */
		DB7A33EA1C8F8E8B009CC743 /* PBXTargetDependency */ = {
			isa = PBXTargetDependency;
			target = DB7A33D31C8F8E8B009CC743 /* ios-sdk */;
			targetProxy = DB7A33E91C8F8E8B009CC743 /* PBXContainerItemProxy */;
		};
/* End PBXTargetDependency section */

/* Begin PBXVariantGroup section */
		DB7A33DB1C8F8E8B009CC743 /* Main.storyboard */ = {
			isa = PBXVariantGroup;
			children = (
				DB7A33DC1C8F8E8B009CC743 /* Base */,
			);
			name = Main.storyboard;
			sourceTree = "<group>";
		};
		DB7A33E01C8F8E8B009CC743 /* LaunchScreen.storyboard */ = {
			isa = PBXVariantGroup;
			children = (
				DB7A33E11C8F8E8B009CC743 /* Base */,
			);
			name = LaunchScreen.storyboard;
			sourceTree = "<group>";
		};
/* End PBXVariantGroup section */

/* Begin XCBuildConfiguration section */
		DB7A33EF1C8F8E8B009CC743 /* Debug */ = {
			isa = XCBuildConfiguration;
			buildSettings = {
				ALWAYS_SEARCH_USER_PATHS = NO;
				ARCHS = "$(ARCHS_STANDARD)";
				CLANG_CXX_LANGUAGE_STANDARD = "gnu++0x";
				CLANG_CXX_LIBRARY = "libc++";
				CLANG_ENABLE_MODULES = YES;
				CLANG_ENABLE_OBJC_ARC = YES;
				CLANG_WARN_BOOL_CONVERSION = YES;
				CLANG_WARN_CONSTANT_CONVERSION = YES;
				CLANG_WARN_DIRECT_OBJC_ISA_USAGE = YES_ERROR;
				CLANG_WARN_EMPTY_BODY = YES;
				CLANG_WARN_ENUM_CONVERSION = YES;
				CLANG_WARN_INT_CONVERSION = YES;
				CLANG_WARN_OBJC_ROOT_CLASS = YES_ERROR;
				CLANG_WARN_UNREACHABLE_CODE = YES;
				CLANG_WARN__DUPLICATE_METHOD_MATCH = YES;
				"CODE_SIGN_IDENTITY[sdk=iphoneos*]" = "iPhone Developer";
				COPY_PHASE_STRIP = NO;
				DEBUG_INFORMATION_FORMAT = dwarf;
				ENABLE_STRICT_OBJC_MSGSEND = YES;
				ENABLE_TESTABILITY = YES;
				GCC_C_LANGUAGE_STANDARD = gnu99;
				GCC_DYNAMIC_NO_PIC = NO;
				GCC_NO_COMMON_BLOCKS = YES;
				GCC_OPTIMIZATION_LEVEL = 0;
				GCC_PREPROCESSOR_DEFINITIONS = (
					"DEBUG=1",
					"$(inherited)",
				);
				GCC_WARN_64_TO_32_BIT_CONVERSION = YES;
				GCC_WARN_ABOUT_RETURN_TYPE = YES_ERROR;
				GCC_WARN_UNDECLARED_SELECTOR = YES;
				GCC_WARN_UNINITIALIZED_AUTOS = YES_AGGRESSIVE;
				GCC_WARN_UNUSED_FUNCTION = YES;
				GCC_WARN_UNUSED_VARIABLE = YES;
				IPHONEOS_DEPLOYMENT_TARGET = 9.2;
				MTL_ENABLE_DEBUG_INFO = YES;
				ONLY_ACTIVE_ARCH = YES;
				SDKROOT = iphoneos;
				SWIFT_OPTIMIZATION_LEVEL = "-Onone";
				TARGETED_DEVICE_FAMILY = "1,2";
			};
			name = Debug;
		};
		DB7A33F01C8F8E8B009CC743 /* Release */ = {
			isa = XCBuildConfiguration;
			buildSettings = {
				ALWAYS_SEARCH_USER_PATHS = NO;
				ARCHS = "$(ARCHS_STANDARD)";
				CLANG_CXX_LANGUAGE_STANDARD = "gnu++0x";
				CLANG_CXX_LIBRARY = "libc++";
				CLANG_ENABLE_MODULES = YES;
				CLANG_ENABLE_OBJC_ARC = YES;
				CLANG_WARN_BOOL_CONVERSION = YES;
				CLANG_WARN_CONSTANT_CONVERSION = YES;
				CLANG_WARN_DIRECT_OBJC_ISA_USAGE = YES_ERROR;
				CLANG_WARN_EMPTY_BODY = YES;
				CLANG_WARN_ENUM_CONVERSION = YES;
				CLANG_WARN_INT_CONVERSION = YES;
				CLANG_WARN_OBJC_ROOT_CLASS = YES_ERROR;
				CLANG_WARN_UNREACHABLE_CODE = YES;
				CLANG_WARN__DUPLICATE_METHOD_MATCH = YES;
				"CODE_SIGN_IDENTITY[sdk=iphoneos*]" = "iPhone Developer";
				COPY_PHASE_STRIP = NO;
				DEBUG_INFORMATION_FORMAT = "dwarf-with-dsym";
				ENABLE_NS_ASSERTIONS = NO;
				ENABLE_STRICT_OBJC_MSGSEND = YES;
				GCC_C_LANGUAGE_STANDARD = gnu99;
				GCC_NO_COMMON_BLOCKS = YES;
				GCC_WARN_64_TO_32_BIT_CONVERSION = YES;
				GCC_WARN_ABOUT_RETURN_TYPE = YES_ERROR;
				GCC_WARN_UNDECLARED_SELECTOR = YES;
				GCC_WARN_UNINITIALIZED_AUTOS = YES_AGGRESSIVE;
				GCC_WARN_UNUSED_FUNCTION = YES;
				GCC_WARN_UNUSED_VARIABLE = YES;
				IPHONEOS_DEPLOYMENT_TARGET = 9.2;
				MTL_ENABLE_DEBUG_INFO = NO;
				SDKROOT = iphoneos;
				TARGETED_DEVICE_FAMILY = "1,2";
				VALIDATE_PRODUCT = YES;
			};
			name = Release;
		};
		DB7A33F21C8F8E8B009CC743 /* Debug */ = {
			isa = XCBuildConfiguration;
			baseConfigurationReference = A6867A3C7E4941C042B75910 /* Pods.debug.xcconfig */;
			buildSettings = {
				ARCHS = "$(ARCHS_STANDARD)";
				ASSETCATALOG_COMPILER_APPICON_NAME = AppIcon;
				CLANG_ENABLE_MODULES = YES;
				ENABLE_BITCODE = NO;
				FRAMEWORK_SEARCH_PATHS = (
					"$(inherited)",
					"$(PROJECT_DIR)/ios-sdk/src",
					"$(PROJECT_DIR)/tangram",
				);
				INFOPLIST_FILE = "ios-sdk/Info.plist";
				IPHONEOS_DEPLOYMENT_TARGET = 9.3;
				LD_RUNPATH_SEARCH_PATHS = "$(inherited) @executable_path/Frameworks";
				OTHER_LDFLAGS = (
					"$(inherited)",
					"-framework",
					"\"Pelias\"",
					"-ObjC",
				);
				PRODUCT_BUNDLE_IDENTIFIER = "com.mapzen.ios-sdk";
				PRODUCT_NAME = "$(TARGET_NAME)";
				SWIFT_OBJC_BRIDGING_HEADER = "";
				SWIFT_OPTIMIZATION_LEVEL = "-Onone";
			};
			name = Debug;
		};
		DB7A33F31C8F8E8B009CC743 /* Release */ = {
			isa = XCBuildConfiguration;
			baseConfigurationReference = F48818E5161A9E383CA1C689 /* Pods.release.xcconfig */;
			buildSettings = {
				ARCHS = "$(ARCHS_STANDARD)";
				ASSETCATALOG_COMPILER_APPICON_NAME = AppIcon;
				CLANG_ENABLE_MODULES = YES;
				ENABLE_BITCODE = NO;
				FRAMEWORK_SEARCH_PATHS = (
					"$(inherited)",
					"$(PROJECT_DIR)/ios-sdk/src",
					"$(PROJECT_DIR)/tangram",
				);
				INFOPLIST_FILE = "ios-sdk/Info.plist";
				IPHONEOS_DEPLOYMENT_TARGET = 9.3;
				LD_RUNPATH_SEARCH_PATHS = "$(inherited) @executable_path/Frameworks";
				OTHER_LDFLAGS = (
					"$(inherited)",
					"-framework",
					"\"Pelias\"",
					"-ObjC",
				);
				PRODUCT_BUNDLE_IDENTIFIER = "com.mapzen.ios-sdk";
				PRODUCT_NAME = "$(TARGET_NAME)";
				SWIFT_OBJC_BRIDGING_HEADER = "";
			};
			name = Release;
		};
		DB7A33F51C8F8E8B009CC743 /* Debug */ = {
			isa = XCBuildConfiguration;
			buildSettings = {
				BUNDLE_LOADER = "$(TEST_HOST)";
				INFOPLIST_FILE = "ios-sdkTests/Info.plist";
				LD_RUNPATH_SEARCH_PATHS = "$(inherited) @executable_path/Frameworks @loader_path/Frameworks";
				PRODUCT_BUNDLE_IDENTIFIER = "com.mapzen.ios-sdkTests";
				PRODUCT_NAME = "$(TARGET_NAME)";
				TEST_HOST = "$(BUILT_PRODUCTS_DIR)/ios-sdk.app/ios-sdk";
			};
			name = Debug;
		};
		DB7A33F61C8F8E8B009CC743 /* Release */ = {
			isa = XCBuildConfiguration;
			buildSettings = {
				BUNDLE_LOADER = "$(TEST_HOST)";
				INFOPLIST_FILE = "ios-sdkTests/Info.plist";
				LD_RUNPATH_SEARCH_PATHS = "$(inherited) @executable_path/Frameworks @loader_path/Frameworks";
				PRODUCT_BUNDLE_IDENTIFIER = "com.mapzen.ios-sdkTests";
				PRODUCT_NAME = "$(TARGET_NAME)";
				TEST_HOST = "$(BUILT_PRODUCTS_DIR)/ios-sdk.app/ios-sdk";
			};
			name = Release;
		};
/* End XCBuildConfiguration section */

/* Begin XCConfigurationList section */
		DB7A33CF1C8F8E8B009CC743 /* Build configuration list for PBXProject "ios-sdk" */ = {
			isa = XCConfigurationList;
			buildConfigurations = (
				DB7A33EF1C8F8E8B009CC743 /* Debug */,
				DB7A33F01C8F8E8B009CC743 /* Release */,
			);
			defaultConfigurationIsVisible = 0;
			defaultConfigurationName = Release;
		};
		DB7A33F11C8F8E8B009CC743 /* Build configuration list for PBXNativeTarget "ios-sdk" */ = {
			isa = XCConfigurationList;
			buildConfigurations = (
				DB7A33F21C8F8E8B009CC743 /* Debug */,
				DB7A33F31C8F8E8B009CC743 /* Release */,
			);
			defaultConfigurationIsVisible = 0;
			defaultConfigurationName = Release;
		};
		DB7A33F41C8F8E8B009CC743 /* Build configuration list for PBXNativeTarget "ios-sdkTests" */ = {
			isa = XCConfigurationList;
			buildConfigurations = (
				DB7A33F51C8F8E8B009CC743 /* Debug */,
				DB7A33F61C8F8E8B009CC743 /* Release */,
			);
			defaultConfigurationIsVisible = 0;
			defaultConfigurationName = Release;
		};
/* End XCConfigurationList section */
	};
	rootObject = DB7A33CC1C8F8E8B009CC743 /* Project object */;
}
